
Microsoft Visual Studio Solution File, Format Version 12.00
# Visual Studio Version 17
VisualStudioVersion = 17.8.34309.116
MinimumVisualStudioVersion = 10.0.40219.1
Project("{FAE04EC0-301F-11D3-BF4B-00C04F79EFBC}") = "Lab04", "Lab04\Lab04.csproj", "{899A94A6-D604-48E5-B823-819560F64488}"
EndProject
Global
	GlobalSection(SolutionConfigurationPlatforms) = preSolution
		Debug|Any CPU = Debug|Any CPU
		Release|Any CPU = Release|Any CPU
	EndGlobalSection
	GlobalSection(ProjectConfigurationPlatforms) = postSolution
		{899A94A6-D604-48E5-B823-819560F64488}.Debug|Any CPU.ActiveCfg = Debug|Any CPU
		{899A94A6-D604-48E5-B823-819560F64488}.Debug|Any CPU.Build.0 = Debug|Any CPU
		{899A94A6-D604-48E5-B823-819560F64488}.Release|Any CPU.ActiveCfg = Release|Any CPU
		{899A94A6-D604-48E5-B823-819560F64488}.Release|Any CPU.Build.0 = Release|Any CPU
	EndGlobalSection
	GlobalSection(SolutionProperties) = preSolution
		HideSolutionNode = FALSE
	EndGlobalSection
	GlobalSection(ExtensibilityGlobals) = postSolution
		SolutionGuid = {5C235A9F-525E-412F-8BA1-08A0E7C8BFC9}
	EndGlobalSection
EndGlobal
